
Microsoft Visual Studio Solution File, Format Version 12.00
# Visual Studio Version 17
VisualStudioVersion = 17.1.31911.260
MinimumVisualStudioVersion = 10.0.40219.1
Project("{9A19103F-16F7-4668-BE54-9A1E7A4F7556}") = "RavexSolution.WebApi", "RavexSolution.WebApi.csproj", "{B832E133-F131-4420-834F-BFCDB8ECA9D5}"
EndProject
Global
	GlobalSection(SolutionConfigurationPlatforms) = preSolution
		Debug|Any CPU = Debug|Any CPU
		Release|Any CPU = Release|Any CPU
	EndGlobalSection
	GlobalSection(ProjectConfigurationPlatforms) = postSolution
		{B832E133-F131-4420-834F-BFCDB8ECA9D5}.Debug|Any CPU.ActiveCfg = Debug|Any CPU
		{B832E133-F131-4420-834F-BFCDB8ECA9D5}.Debug|Any CPU.Build.0 = Debug|Any CPU
		{B832E133-F131-4420-834F-BFCDB8ECA9D5}.Release|Any CPU.ActiveCfg = Release|Any CPU
		{B832E133-F131-4420-834F-BFCDB8ECA9D5}.Release|Any CPU.Build.0 = Release|Any CPU
	EndGlobalSection
	GlobalSection(SolutionProperties) = preSolution
		HideSolutionNode = FALSE
	EndGlobalSection
	GlobalSection(ExtensibilityGlobals) = postSolution
		SolutionGuid = {0FA73DCF-E748-48D4-A49A-D39A54F50604}
	EndGlobalSection
EndGlobal
